// !$*UTF8*$!
{
	archiveVersion = 1;
	classes = {
	};
	objectVersion = 46;
	objects = {

/* Begin PBXBuildFile section */
		8680446E1D6947CC0027E0A9 /* BballStats Trikot-weiß2.png in Resources */ = {isa = PBXBuildFile; fileRef = 8680446D1D6947CC0027E0A9 /* BballStats Trikot-weiß2.png */; };
		868044701D6949F00027E0A9 /* BballStats Trikot-schwarz.png in Resources */ = {isa = PBXBuildFile; fileRef = 8680446F1D6949F00027E0A9 /* BballStats Trikot-schwarz.png */; };
		86AFF82D1D4E854600E202F1 /* Player+CoreDataProperties.swift in Sources */ = {isa = PBXBuildFile; fileRef = 86AFF81B1D4E854600E202F1 /* Player+CoreDataProperties.swift */; };
		86AFF82E1D4E854600E202F1 /* Player.swift in Sources */ = {isa = PBXBuildFile; fileRef = 86AFF81C1D4E854600E202F1 /* Player.swift */; };
		86AFF82F1D4E854600E202F1 /* League+CoreDataProperties.swift in Sources */ = {isa = PBXBuildFile; fileRef = 86AFF81D1D4E854600E202F1 /* League+CoreDataProperties.swift */; };
		86AFF8301D4E854600E202F1 /* League.swift in Sources */ = {isa = PBXBuildFile; fileRef = 86AFF81E1D4E854600E202F1 /* League.swift */; };
		86AFF8311D4E854600E202F1 /* Coach+CoreDataProperties.swift in Sources */ = {isa = PBXBuildFile; fileRef = 86AFF81F1D4E854600E202F1 /* Coach+CoreDataProperties.swift */; };
		86AFF8321D4E854600E202F1 /* Coach.swift in Sources */ = {isa = PBXBuildFile; fileRef = 86AFF8201D4E854600E202F1 /* Coach.swift */; };
		86AFF8331D4E854600E202F1 /* Team+CoreDataProperties.swift in Sources */ = {isa = PBXBuildFile; fileRef = 86AFF8211D4E854600E202F1 /* Team+CoreDataProperties.swift */; };
		86AFF8341D4E854600E202F1 /* Team.swift in Sources */ = {isa = PBXBuildFile; fileRef = 86AFF8221D4E854600E202F1 /* Team.swift */; };
		86AFF8351D4E854600E202F1 /* Stat+CoreDataProperties.swift in Sources */ = {isa = PBXBuildFile; fileRef = 86AFF8231D4E854600E202F1 /* Stat+CoreDataProperties.swift */; };
		86AFF8361D4E854600E202F1 /* Stat.swift in Sources */ = {isa = PBXBuildFile; fileRef = 86AFF8241D4E854600E202F1 /* Stat.swift */; };
		86AFF8371D4E854600E202F1 /* FederalState+CoreDataProperties.swift in Sources */ = {isa = PBXBuildFile; fileRef = 86AFF8251D4E854600E202F1 /* FederalState+CoreDataProperties.swift */; };
		86AFF8381D4E854600E202F1 /* FederalState.swift in Sources */ = {isa = PBXBuildFile; fileRef = 86AFF8261D4E854600E202F1 /* FederalState.swift */; };
		86AFF8391D4E854600E202F1 /* Country+CoreDataProperties.swift in Sources */ = {isa = PBXBuildFile; fileRef = 86AFF8271D4E854600E202F1 /* Country+CoreDataProperties.swift */; };
		86AFF83A1D4E854600E202F1 /* Country.swift in Sources */ = {isa = PBXBuildFile; fileRef = 86AFF8281D4E854600E202F1 /* Country.swift */; };
		86AFF83D1D4E854600E202F1 /* Leagueclass+CoreDataProperties.swift in Sources */ = {isa = PBXBuildFile; fileRef = 86AFF82B1D4E854600E202F1 /* Leagueclass+CoreDataProperties.swift */; };
		86AFF83E1D4E854600E202F1 /* Leagueclass.swift in Sources */ = {isa = PBXBuildFile; fileRef = 86AFF82C1D4E854600E202F1 /* Leagueclass.swift */; };
		86AFF8411D4E85C500E202F1 /* Age+CoreDataProperties.swift in Sources */ = {isa = PBXBuildFile; fileRef = 86AFF83F1D4E85C500E202F1 /* Age+CoreDataProperties.swift */; };
		86AFF8421D4E85C500E202F1 /* Age.swift in Sources */ = {isa = PBXBuildFile; fileRef = 86AFF8401D4E85C500E202F1 /* Age.swift */; };
		86DA03AF1D2B05740041E52E /* AppDelegate.swift in Sources */ = {isa = PBXBuildFile; fileRef = 86DA03AE1D2B05740041E52E /* AppDelegate.swift */; };
		86DA03B11D2B05740041E52E /* ViewController.swift in Sources */ = {isa = PBXBuildFile; fileRef = 86DA03B01D2B05740041E52E /* ViewController.swift */; };
		86DA03B41D2B05740041E52E /* Main.storyboard in Resources */ = {isa = PBXBuildFile; fileRef = 86DA03B21D2B05740041E52E /* Main.storyboard */; };
		86DA03B71D2B05740041E52E /* BballStats.xcdatamodeld in Sources */ = {isa = PBXBuildFile; fileRef = 86DA03B51D2B05740041E52E /* BballStats.xcdatamodeld */; };
		86DA03B91D2B05740041E52E /* Assets.xcassets in Resources */ = {isa = PBXBuildFile; fileRef = 86DA03B81D2B05740041E52E /* Assets.xcassets */; };
		86DA03BC1D2B05740041E52E /* LaunchScreen.storyboard in Resources */ = {isa = PBXBuildFile; fileRef = 86DA03BA1D2B05740041E52E /* LaunchScreen.storyboard */; };
		86E56A231D3AE53E006A8AB7 /* WhoMadeItViewController.swift in Sources */ = {isa = PBXBuildFile; fileRef = 86E56A221D3AE53E006A8AB7 /* WhoMadeItViewController.swift */; };
		86E56A271D3BD96A006A8AB7 /* SubstitutionT1ViewController.swift in Sources */ = {isa = PBXBuildFile; fileRef = 86E56A261D3BD96A006A8AB7 /* SubstitutionT1ViewController.swift */; };
/* End PBXBuildFile section */

/* Begin PBXFileReference section */
		8680446D1D6947CC0027E0A9 /* BballStats Trikot-weiß2.png */ = {isa = PBXFileReference; lastKnownFileType = image.png; path = "BballStats Trikot-weiß2.png"; sourceTree = "<group>"; };
		8680446F1D6949F00027E0A9 /* BballStats Trikot-schwarz.png */ = {isa = PBXFileReference; lastKnownFileType = image.png; path = "BballStats Trikot-schwarz.png"; sourceTree = "<group>"; };
		86AFF81B1D4E854600E202F1 /* Player+CoreDataProperties.swift */ = {isa = PBXFileReference; fileEncoding = 4; lastKnownFileType = sourcecode.swift; name = "Player+CoreDataProperties.swift"; path = "../Player+CoreDataProperties.swift"; sourceTree = "<group>"; };
		86AFF81C1D4E854600E202F1 /* Player.swift */ = {isa = PBXFileReference; fileEncoding = 4; lastKnownFileType = sourcecode.swift; name = Player.swift; path = ../Player.swift; sourceTree = "<group>"; };
		86AFF81D1D4E854600E202F1 /* League+CoreDataProperties.swift */ = {isa = PBXFileReference; fileEncoding = 4; lastKnownFileType = sourcecode.swift; name = "League+CoreDataProperties.swift"; path = "../League+CoreDataProperties.swift"; sourceTree = "<group>"; };
		86AFF81E1D4E854600E202F1 /* League.swift */ = {isa = PBXFileReference; fileEncoding = 4; lastKnownFileType = sourcecode.swift; name = League.swift; path = ../League.swift; sourceTree = "<group>"; };
		86AFF81F1D4E854600E202F1 /* Coach+CoreDataProperties.swift */ = {isa = PBXFileReference; fileEncoding = 4; lastKnownFileType = sourcecode.swift; name = "Coach+CoreDataProperties.swift"; path = "../Coach+CoreDataProperties.swift"; sourceTree = "<group>"; };
		86AFF8201D4E854600E202F1 /* Coach.swift */ = {isa = PBXFileReference; fileEncoding = 4; lastKnownFileType = sourcecode.swift; name = Coach.swift; path = ../Coach.swift; sourceTree = "<group>"; };
		86AFF8211D4E854600E202F1 /* Team+CoreDataProperties.swift */ = {isa = PBXFileReference; fileEncoding = 4; lastKnownFileType = sourcecode.swift; name = "Team+CoreDataProperties.swift"; path = "../Team+CoreDataProperties.swift"; sourceTree = "<group>"; };
		86AFF8221D4E854600E202F1 /* Team.swift */ = {isa = PBXFileReference; fileEncoding = 4; lastKnownFileType = sourcecode.swift; name = Team.swift; path = ../Team.swift; sourceTree = "<group>"; };
		86AFF8231D4E854600E202F1 /* Stat+CoreDataProperties.swift */ = {isa = PBXFileReference; fileEncoding = 4; lastKnownFileType = sourcecode.swift; name = "Stat+CoreDataProperties.swift"; path = "../Stat+CoreDataProperties.swift"; sourceTree = "<group>"; };
		86AFF8241D4E854600E202F1 /* Stat.swift */ = {isa = PBXFileReference; fileEncoding = 4; lastKnownFileType = sourcecode.swift; name = Stat.swift; path = ../Stat.swift; sourceTree = "<group>"; };
		86AFF8251D4E854600E202F1 /* FederalState+CoreDataProperties.swift */ = {isa = PBXFileReference; fileEncoding = 4; lastKnownFileType = sourcecode.swift; name = "FederalState+CoreDataProperties.swift"; path = "../FederalState+CoreDataProperties.swift"; sourceTree = "<group>"; };
		86AFF8261D4E854600E202F1 /* FederalState.swift */ = {isa = PBXFileReference; fileEncoding = 4; lastKnownFileType = sourcecode.swift; name = FederalState.swift; path = ../FederalState.swift; sourceTree = "<group>"; };
		86AFF8271D4E854600E202F1 /* Country+CoreDataProperties.swift */ = {isa = PBXFileReference; fileEncoding = 4; lastKnownFileType = sourcecode.swift; name = "Country+CoreDataProperties.swift"; path = "../Country+CoreDataProperties.swift"; sourceTree = "<group>"; };
		86AFF8281D4E854600E202F1 /* Country.swift */ = {isa = PBXFileReference; fileEncoding = 4; lastKnownFileType = sourcecode.swift; name = Country.swift; path = ../Country.swift; sourceTree = "<group>"; };
		86AFF82B1D4E854600E202F1 /* Leagueclass+CoreDataProperties.swift */ = {isa = PBXFileReference; fileEncoding = 4; lastKnownFileType = sourcecode.swift; name = "Leagueclass+CoreDataProperties.swift"; path = "../Leagueclass+CoreDataProperties.swift"; sourceTree = "<group>"; };
		86AFF82C1D4E854600E202F1 /* Leagueclass.swift */ = {isa = PBXFileReference; fileEncoding = 4; lastKnownFileType = sourcecode.swift; name = Leagueclass.swift; path = ../Leagueclass.swift; sourceTree = "<group>"; };
		86AFF83F1D4E85C500E202F1 /* Age+CoreDataProperties.swift */ = {isa = PBXFileReference; fileEncoding = 4; lastKnownFileType = sourcecode.swift; name = "Age+CoreDataProperties.swift"; path = "../Age+CoreDataProperties.swift"; sourceTree = "<group>"; };
		86AFF8401D4E85C500E202F1 /* Age.swift */ = {isa = PBXFileReference; fileEncoding = 4; lastKnownFileType = sourcecode.swift; name = Age.swift; path = ../Age.swift; sourceTree = "<group>"; };
		86DA03AB1D2B05740041E52E /* BballStats.app */ = {isa = PBXFileReference; explicitFileType = wrapper.application; includeInIndex = 0; path = BballStats.app; sourceTree = BUILT_PRODUCTS_DIR; };
		86DA03AE1D2B05740041E52E /* AppDelegate.swift */ = {isa = PBXFileReference; lastKnownFileType = sourcecode.swift; path = AppDelegate.swift; sourceTree = "<group>"; };
		86DA03B01D2B05740041E52E /* ViewController.swift */ = {isa = PBXFileReference; lastKnownFileType = sourcecode.swift; path = ViewController.swift; sourceTree = "<group>"; };
		86DA03B31D2B05740041E52E /* Base */ = {isa = PBXFileReference; lastKnownFileType = file.storyboard; name = Base; path = Base.lproj/Main.storyboard; sourceTree = "<group>"; };
		86DA03B61D2B05740041E52E /* BballStats.xcdatamodel */ = {isa = PBXFileReference; lastKnownFileType = wrapper.xcdatamodel; path = BballStats.xcdatamodel; sourceTree = "<group>"; };
		86DA03B81D2B05740041E52E /* Assets.xcassets */ = {isa = PBXFileReference; lastKnownFileType = folder.assetcatalog; path = Assets.xcassets; sourceTree = "<group>"; };
		86DA03BB1D2B05740041E52E /* Base */ = {isa = PBXFileReference; lastKnownFileType = file.storyboard; name = Base; path = Base.lproj/LaunchScreen.storyboard; sourceTree = "<group>"; };
		86DA03BD1D2B05740041E52E /* Info.plist */ = {isa = PBXFileReference; lastKnownFileType = text.plist.xml; path = Info.plist; sourceTree = "<group>"; };
		86E56A221D3AE53E006A8AB7 /* WhoMadeItViewController.swift */ = {isa = PBXFileReference; fileEncoding = 4; lastKnownFileType = sourcecode.swift; path = WhoMadeItViewController.swift; sourceTree = "<group>"; };
		86E56A261D3BD96A006A8AB7 /* SubstitutionT1ViewController.swift */ = {isa = PBXFileReference; fileEncoding = 4; lastKnownFileType = sourcecode.swift; path = SubstitutionT1ViewController.swift; sourceTree = "<group>"; };
/* End PBXFileReference section */

/* Begin PBXFrameworksBuildPhase section */
		86DA03A81D2B05740041E52E /* Frameworks */ = {
			isa = PBXFrameworksBuildPhase;
			buildActionMask = 2147483647;
			files = (
			);
			runOnlyForDeploymentPostprocessing = 0;
		};
/* End PBXFrameworksBuildPhase section */

/* Begin PBXGroup section */
		86DA03A21D2B05740041E52E = {
			isa = PBXGroup;
			children = (
				86DA03AD1D2B05740041E52E /* BballStats */,
				86DA03AC1D2B05740041E52E /* Products */,
			);
			sourceTree = "<group>";
		};
		86DA03AC1D2B05740041E52E /* Products */ = {
			isa = PBXGroup;
			children = (
				86DA03AB1D2B05740041E52E /* BballStats.app */,
			);
			name = Products;
			sourceTree = "<group>";
		};
		86DA03AD1D2B05740041E52E /* BballStats */ = {
			isa = PBXGroup;
			children = (
				86DA03AE1D2B05740041E52E /* AppDelegate.swift */,
				86DA03B01D2B05740041E52E /* ViewController.swift */,
				86E56A221D3AE53E006A8AB7 /* WhoMadeItViewController.swift */,
				86E56A261D3BD96A006A8AB7 /* SubstitutionT1ViewController.swift */,
				86DA03B21D2B05740041E52E /* Main.storyboard */,
				86DA03B81D2B05740041E52E /* Assets.xcassets */,
				86DA03BA1D2B05740041E52E /* LaunchScreen.storyboard */,
				86DA03BD1D2B05740041E52E /* Info.plist */,
				86DA03B51D2B05740041E52E /* BballStats.xcdatamodeld */,
				86AFF81B1D4E854600E202F1 /* Player+CoreDataProperties.swift */,
				86AFF81C1D4E854600E202F1 /* Player.swift */,
				86AFF81D1D4E854600E202F1 /* League+CoreDataProperties.swift */,
				86AFF81E1D4E854600E202F1 /* League.swift */,
				86AFF81F1D4E854600E202F1 /* Coach+CoreDataProperties.swift */,
				86AFF8201D4E854600E202F1 /* Coach.swift */,
				86AFF8211D4E854600E202F1 /* Team+CoreDataProperties.swift */,
				86AFF8221D4E854600E202F1 /* Team.swift */,
				86AFF83F1D4E85C500E202F1 /* Age+CoreDataProperties.swift */,
				86AFF8401D4E85C500E202F1 /* Age.swift */,
				86AFF8231D4E854600E202F1 /* Stat+CoreDataProperties.swift */,
				86AFF8241D4E854600E202F1 /* Stat.swift */,
				86AFF8251D4E854600E202F1 /* FederalState+CoreDataProperties.swift */,
				86AFF8261D4E854600E202F1 /* FederalState.swift */,
				86AFF8271D4E854600E202F1 /* Country+CoreDataProperties.swift */,
				86AFF8281D4E854600E202F1 /* Country.swift */,
				86AFF82B1D4E854600E202F1 /* Leagueclass+CoreDataProperties.swift */,
				86AFF82C1D4E854600E202F1 /* Leagueclass.swift */,
				8680446F1D6949F00027E0A9 /* BballStats Trikot-schwarz.png */,
				8680446D1D6947CC0027E0A9 /* BballStats Trikot-weiß2.png */,
			);
			path = BballStats;
			sourceTree = "<group>";
		};
/* End PBXGroup section */

/* Begin PBXNativeTarget section */
		86DA03AA1D2B05740041E52E /* BballStats */ = {
			isa = PBXNativeTarget;
			buildConfigurationList = 86DA03C01D2B05740041E52E /* Build configuration list for PBXNativeTarget "BballStats" */;
			buildPhases = (
				86DA03A71D2B05740041E52E /* Sources */,
				86DA03A81D2B05740041E52E /* Frameworks */,
				86DA03A91D2B05740041E52E /* Resources */,
			);
			buildRules = (
			);
			dependencies = (
			);
			name = BballStats;
			productName = BballStats;
			productReference = 86DA03AB1D2B05740041E52E /* BballStats.app */;
			productType = "com.apple.product-type.application";
		};
/* End PBXNativeTarget section */

/* Begin PBXProject section */
		86DA03A31D2B05740041E52E /* Project object */ = {
			isa = PBXProject;
			attributes = {
				LastSwiftUpdateCheck = 0730;
				LastUpgradeCheck = 0730;
				ORGANIZATIONNAME = "Fred Erik";
				TargetAttributes = {
					86DA03AA1D2B05740041E52E = {
						CreatedOnToolsVersion = 7.3;
					};
				};
			};
			buildConfigurationList = 86DA03A61D2B05740041E52E /* Build configuration list for PBXProject "BballStats" */;
			compatibilityVersion = "Xcode 3.2";
			developmentRegion = English;
			hasScannedForEncodings = 0;
			knownRegions = (
				en,
				Base,
			);
			mainGroup = 86DA03A21D2B05740041E52E;
			productRefGroup = 86DA03AC1D2B05740041E52E /* Products */;
			projectDirPath = "";
			projectRoot = "";
			targets = (
				86DA03AA1D2B05740041E52E /* BballStats */,
			);
		};
/* End PBXProject section */

/* Begin PBXResourcesBuildPhase section */
		86DA03A91D2B05740041E52E /* Resources */ = {
			isa = PBXResourcesBuildPhase;
			buildActionMask = 2147483647;
			files = (
				8680446E1D6947CC0027E0A9 /* BballStats Trikot-weiß2.png in Resources */,
				868044701D6949F00027E0A9 /* BballStats Trikot-schwarz.png in Resources */,
				86DA03BC1D2B05740041E52E /* LaunchScreen.storyboard in Resources */,
				86DA03B91D2B05740041E52E /* Assets.xcassets in Resources */,
				86DA03B41D2B05740041E52E /* Main.storyboard in Resources */,
			);
			runOnlyForDeploymentPostprocessing = 0;
		};
/* End PBXResourcesBuildPhase section */

/* Begin PBXSourcesBuildPhase section */
		86DA03A71D2B05740041E52E /* Sources */ = {
			isa = PBXSourcesBuildPhase;
			buildActionMask = 2147483647;
			files = (
				86AFF82F1D4E854600E202F1 /* League+CoreDataProperties.swift in Sources */,
				86AFF8301D4E854600E202F1 /* League.swift in Sources */,
				86AFF8341D4E854600E202F1 /* Team.swift in Sources */,
				86AFF83D1D4E854600E202F1 /* Leagueclass+CoreDataProperties.swift in Sources */,
				86AFF8361D4E854600E202F1 /* Stat.swift in Sources */,
				86DA03B11D2B05740041E52E /* ViewController.swift in Sources */,
				86AFF8421D4E85C500E202F1 /* Age.swift in Sources */,
				86AFF8321D4E854600E202F1 /* Coach.swift in Sources */,
				86AFF8381D4E854600E202F1 /* FederalState.swift in Sources */,
				86AFF83A1D4E854600E202F1 /* Country.swift in Sources */,
				86E56A231D3AE53E006A8AB7 /* WhoMadeItViewController.swift in Sources */,
				86AFF8391D4E854600E202F1 /* Country+CoreDataProperties.swift in Sources */,
				86AFF8311D4E854600E202F1 /* Coach+CoreDataProperties.swift in Sources */,
				86AFF8331D4E854600E202F1 /* Team+CoreDataProperties.swift in Sources */,
				86AFF82D1D4E854600E202F1 /* Player+CoreDataProperties.swift in Sources */,
				86DA03AF1D2B05740041E52E /* AppDelegate.swift in Sources */,
				86AFF8411D4E85C500E202F1 /* Age+CoreDataProperties.swift in Sources */,
				86AFF82E1D4E854600E202F1 /* Player.swift in Sources */,
				86E56A271D3BD96A006A8AB7 /* SubstitutionT1ViewController.swift in Sources */,
				86DA03B71D2B05740041E52E /* BballStats.xcdatamodeld in Sources */,
				86AFF8351D4E854600E202F1 /* Stat+CoreDataProperties.swift in Sources */,
				86AFF83E1D4E854600E202F1 /* Leagueclass.swift in Sources */,
				86AFF8371D4E854600E202F1 /* FederalState+CoreDataProperties.swift in Sources */,
			);
			runOnlyForDeploymentPostprocessing = 0;
		};
/* End PBXSourcesBuildPhase section */

/* Begin PBXVariantGroup section */
		86DA03B21D2B05740041E52E /* Main.storyboard */ = {
			isa = PBXVariantGroup;
			children = (
				86DA03B31D2B05740041E52E /* Base */,
			);
			name = Main.storyboard;
			sourceTree = "<group>";
		};
		86DA03BA1D2B05740041E52E /* LaunchScreen.storyboard */ = {
			isa = PBXVariantGroup;
			children = (
				86DA03BB1D2B05740041E52E /* Base */,
			);
			name = LaunchScreen.storyboard;
			sourceTree = "<group>";
		};
/* End PBXVariantGroup section */

/* Begin XCBuildConfiguration section */
		86DA03BE1D2B05740041E52E /* Debug */ = {
			isa = XCBuildConfiguration;
			buildSettings = {
				ALWAYS_SEARCH_USER_PATHS = NO;
				CLANG_ANALYZER_NONNULL = YES;
				CLANG_CXX_LANGUAGE_STANDARD = "gnu++0x";
				CLANG_CXX_LIBRARY = "libc++";
				CLANG_ENABLE_MODULES = YES;
				CLANG_ENABLE_OBJC_ARC = YES;
				CLANG_WARN_BOOL_CONVERSION = YES;
				CLANG_WARN_CONSTANT_CONVERSION = YES;
				CLANG_WARN_DIRECT_OBJC_ISA_USAGE = YES_ERROR;
				CLANG_WARN_EMPTY_BODY = YES;
				CLANG_WARN_ENUM_CONVERSION = YES;
				CLANG_WARN_INT_CONVERSION = YES;
				CLANG_WARN_OBJC_ROOT_CLASS = YES_ERROR;
				CLANG_WARN_UNREACHABLE_CODE = YES;
				CLANG_WARN__DUPLICATE_METHOD_MATCH = YES;
				"CODE_SIGN_IDENTITY[sdk=iphoneos*]" = "iPhone Developer";
				COPY_PHASE_STRIP = NO;
				DEBUG_INFORMATION_FORMAT = dwarf;
				ENABLE_STRICT_OBJC_MSGSEND = YES;
				ENABLE_TESTABILITY = YES;
				GCC_C_LANGUAGE_STANDARD = gnu99;
				GCC_DYNAMIC_NO_PIC = NO;
				GCC_NO_COMMON_BLOCKS = YES;
				GCC_OPTIMIZATION_LEVEL = 0;
				GCC_PREPROCESSOR_DEFINITIONS = (
					"DEBUG=1",
					"$(inherited)",
				);
				GCC_WARN_64_TO_32_BIT_CONVERSION = YES;
				GCC_WARN_ABOUT_RETURN_TYPE = YES_ERROR;
				GCC_WARN_UNDECLARED_SELECTOR = YES;
				GCC_WARN_UNINITIALIZED_AUTOS = YES_AGGRESSIVE;
				GCC_WARN_UNUSED_FUNCTION = YES;
				GCC_WARN_UNUSED_VARIABLE = YES;
				IPHONEOS_DEPLOYMENT_TARGET = 9.3;
				MTL_ENABLE_DEBUG_INFO = YES;
				ONLY_ACTIVE_ARCH = YES;
				SDKROOT = iphoneos;
				SWIFT_OPTIMIZATION_LEVEL = "-Onone";
				TARGETED_DEVICE_FAMILY = "1,2";
			};
			name = Debug;
		};
		86DA03BF1D2B05740041E52E /* Release */ = {
			isa = XCBuildConfiguration;
			buildSettings = {
				ALWAYS_SEARCH_USER_PATHS = NO;
				CLANG_ANALYZER_NONNULL = YES;
				CLANG_CXX_LANGUAGE_STANDARD = "gnu++0x";
				CLANG_CXX_LIBRARY = "libc++";
				CLANG_ENABLE_MODULES = YES;
				CLANG_ENABLE_OBJC_ARC = YES;
				CLANG_WARN_BOOL_CONVERSION = YES;
				CLANG_WARN_CONSTANT_CONVERSION = YES;
				CLANG_WARN_DIRECT_OBJC_ISA_USAGE = YES_ERROR;
				CLANG_WARN_EMPTY_BODY = YES;
				CLANG_WARN_ENUM_CONVERSION = YES;
				CLANG_WARN_INT_CONVERSION = YES;
				CLANG_WARN_OBJC_ROOT_CLASS = YES_ERROR;
				CLANG_WARN_UNREACHABLE_CODE = YES;
				CLANG_WARN__DUPLICATE_METHOD_MATCH = YES;
				"CODE_SIGN_IDENTITY[sdk=iphoneos*]" = "iPhone Developer";
				COPY_PHASE_STRIP = NO;
				DEBUG_INFORMATION_FORMAT = "dwarf-with-dsym";
				ENABLE_NS_ASSERTIONS = NO;
				ENABLE_STRICT_OBJC_MSGSEND = YES;
				GCC_C_LANGUAGE_STANDARD = gnu99;
				GCC_NO_COMMON_BLOCKS = YES;
				GCC_WARN_64_TO_32_BIT_CONVERSION = YES;
				GCC_WARN_ABOUT_RETURN_TYPE = YES_ERROR;
				GCC_WARN_UNDECLARED_SELECTOR = YES;
				GCC_WARN_UNINITIALIZED_AUTOS = YES_AGGRESSIVE;
				GCC_WARN_UNUSED_FUNCTION = YES;
				GCC_WARN_UNUSED_VARIABLE = YES;
				IPHONEOS_DEPLOYMENT_TARGET = 9.3;
				MTL_ENABLE_DEBUG_INFO = NO;
				SDKROOT = iphoneos;
				TARGETED_DEVICE_FAMILY = "1,2";
				VALIDATE_PRODUCT = YES;
			};
			name = Release;
		};
		86DA03C11D2B05740041E52E /* Debug */ = {
			isa = XCBuildConfiguration;
			buildSettings = {
				ASSETCATALOG_COMPILER_APPICON_NAME = AppIcon;
				INFOPLIST_FILE = BballStats/Info.plist;
				LD_RUNPATH_SEARCH_PATHS = "$(inherited) @executable_path/Frameworks";
				PRODUCT_BUNDLE_IDENTIFIER = de.vu.stammix.BballStats;
				PRODUCT_NAME = "$(TARGET_NAME)";
			};
			name = Debug;
		};
		86DA03C21D2B05740041E52E /* Release */ = {
			isa = XCBuildConfiguration;
			buildSettings = {
				ASSETCATALOG_COMPILER_APPICON_NAME = AppIcon;
				INFOPLIST_FILE = BballStats/Info.plist;
				LD_RUNPATH_SEARCH_PATHS = "$(inherited) @executable_path/Frameworks";
				PRODUCT_BUNDLE_IDENTIFIER = de.vu.stammix.BballStats;
				PRODUCT_NAME = "$(TARGET_NAME)";
			};
			name = Release;
		};
/* End XCBuildConfiguration section */

/* Begin XCConfigurationList section */
		86DA03A61D2B05740041E52E /* Build configuration list for PBXProject "BballStats" */ = {
			isa = XCConfigurationList;
			buildConfigurations = (
				86DA03BE1D2B05740041E52E /* Debug */,
				86DA03BF1D2B05740041E52E /* Release */,
			);
			defaultConfigurationIsVisible = 0;
			defaultConfigurationName = Release;
		};
		86DA03C01D2B05740041E52E /* Build configuration list for PBXNativeTarget "BballStats" */ = {
			isa = XCConfigurationList;
			buildConfigurations = (
				86DA03C11D2B05740041E52E /* Debug */,
				86DA03C21D2B05740041E52E /* Release */,
			);
			defaultConfigurationIsVisible = 0;
			defaultConfigurationName = Release;
		};
/* End XCConfigurationList section */

/* Begin XCVersionGroup section */
		86DA03B51D2B05740041E52E /* BballStats.xcdatamodeld */ = {
			isa = XCVersionGroup;
			children = (
				86DA03B61D2B05740041E52E /* BballStats.xcdatamodel */,
			);
			currentVersion = 86DA03B61D2B05740041E52E /* BballStats.xcdatamodel */;
			path = BballStats.xcdatamodeld;
			sourceTree = "<group>";
			versionGroupType = wrapper.xcdatamodel;
		};
/* End XCVersionGroup section */
	};
	rootObject = 86DA03A31D2B05740041E52E /* Project object */;
}
